{
  "originHash" : "17e29067f18f5b932ac42041122975f2918c22909162fa3f72a42cd561533ac4",
  "pins" : [
    {
      "identity" : "google-gateway-auth",
      "kind" : "remoteSourceControl",
      "location" : "https://github.com/tacogips/google-gateway-auth.git",
      "state" : {
        "revision" : "2951cd8829d94d0b16e2a3bfdca301e57bb1f862"
      }
    },
    {
      "identity" : "google-service-gateway",
      "kind" : "remoteSourceControl",
      "location" : "https://github.com/tacogips/google-service-gateway.git",
      "state" : {
        "revision" : "a42adf80d421de6f42ab53cc44b7892423c57bb8"
      }
    },
    {
      "identity" : "swift-asn1",
      "kind" : "remoteSourceControl",
      "location" : "https://github.com/apple/swift-asn1.git",
      "state" : {
        "revision" : "3b6410f7dee09eb33cdd26260c5fd47fda19b0e2",
        "version" : "1.7.3"
      }
    },
    {
      "identity" : "swift-crypto",
      "kind" : "remoteSourceControl",
      "location" : "https://github.com/apple/swift-crypto.git",
      "state" : {
        "revision" : "da9d28d69ebe3894b18376c8f2395c2f37b8448f",
        "version" : "4.5.2"
      }
    }
  ],
  "version" : 3
}
