{
  "originHash" : "dc3ebce2d9608125b38be3e17b6a3667e61d5b0aa1ff15edc9a93b57e8ecc54d",
  "pins" : [
    {
      "identity" : "google-service-gateway",
      "kind" : "remoteSourceControl",
      "location" : "https://github.com/tacogips/google-service-gateway.git",
      "state" : {
        "revision" : "28a86e2e06e1b57642c4c1dd37dc12fa2c8db0e4"
      }
    },
    {
      "identity" : "swift-asn1",
      "kind" : "remoteSourceControl",
      "location" : "https://github.com/apple/swift-asn1.git",
      "state" : {
        "revision" : "3b6410f7dee09eb33cdd26260c5fd47fda19b0e2",
        "version" : "1.7.3"
      }
    },
    {
      "identity" : "swift-crypto",
      "kind" : "remoteSourceControl",
      "location" : "https://github.com/apple/swift-crypto.git",
      "state" : {
        "revision" : "da9d28d69ebe3894b18376c8f2395c2f37b8448f",
        "version" : "4.5.2"
      }
    }
  ],
  "version" : 3
}
