{
  "originHash" : "3ce41525487c81587d0ed035ee2207eb937cf77a64dc815bc0dd836d9067e511",
  "pins" : [
    {
      "identity" : "google-gateway-auth",
      "kind" : "remoteSourceControl",
      "location" : "https://github.com/tacogips/google-gateway-auth.git",
      "state" : {
        "revision" : "13c40e24b11da9bab17046a918630fbb6aa6c147"
      }
    },
    {
      "identity" : "google-service-gateway",
      "kind" : "remoteSourceControl",
      "location" : "https://github.com/tacogips/google-service-gateway.git",
      "state" : {
        "revision" : "6dc0261f77650eaeb09bb2ccc2890d5d83172fd0"
      }
    },
    {
      "identity" : "swift-asn1",
      "kind" : "remoteSourceControl",
      "location" : "https://github.com/apple/swift-asn1.git",
      "state" : {
        "revision" : "3b6410f7dee09eb33cdd26260c5fd47fda19b0e2",
        "version" : "1.7.3"
      }
    },
    {
      "identity" : "swift-crypto",
      "kind" : "remoteSourceControl",
      "location" : "https://github.com/apple/swift-crypto.git",
      "state" : {
        "revision" : "da9d28d69ebe3894b18376c8f2395c2f37b8448f",
        "version" : "4.5.2"
      }
    }
  ],
  "version" : 3
}
